
Microsoft Visual Studio Solution File, Format Version 12.00
# Visual Studio 15
VisualStudioVersion = 15.0.28307.757
MinimumVisualStudioVersion = 10.0.40219.1
Project("{2150E333-8FDC-42A3-9474-1A3956D46DE8}") = "Solution Items", "Solution Items", "{A9E76A29-33C3-4BB4-A6F3-EB335A83DD24}"
	ProjectSection(SolutionItems) = preProject
		global.json = global.json
		Workspace\PreBuild.ps1 = Workspace\PreBuild.ps1
		utility.xml = utility.xml
	EndProjectSection
EndProject
Project("{9A19103F-16F7-4668-BE54-9A1E7A4F7556}") = "Workspace", "Workspace\Workspace.csproj", "{4F388A97-2D28-4B3A-A60C-6B16E15DD8DE}"
EndProject
Global
	GlobalSection(SolutionConfigurationPlatforms) = preSolution
		Debug|Any CPU = Debug|Any CPU
		Release|Any CPU = Release|Any CPU
	EndGlobalSection
	GlobalSection(ProjectConfigurationPlatforms) = postSolution
		{4F388A97-2D28-4B3A-A60C-6B16E15DD8DE}.Debug|Any CPU.ActiveCfg = Debug|Any CPU
		{4F388A97-2D28-4B3A-A60C-6B16E15DD8DE}.Debug|Any CPU.Build.0 = Debug|Any CPU
		{4F388A97-2D28-4B3A-A60C-6B16E15DD8DE}.Release|Any CPU.ActiveCfg = Release|Any CPU
		{4F388A97-2D28-4B3A-A60C-6B16E15DD8DE}.Release|Any CPU.Build.0 = Release|Any CPU
	EndGlobalSection
	GlobalSection(SolutionProperties) = preSolution
		HideSolutionNode = FALSE
	EndGlobalSection
	GlobalSection(ExtensibilityGlobals) = postSolution
		SolutionGuid = {696656C6-A3BC-48F8-8783-7B50229D2014}
	EndGlobalSection
EndGlobal
